
Microsoft Visual Studio Solution File, Format Version 10.00
# Visual Studio 2008
Project("{FAE04EC0-301F-11D3-BF4B-00C04F79EFBC}") = "AppInterface", "AppInterface\AppInterface.csproj", "{DDA767E7-BEB7-4CB8-92CB-164AA90F8646}"
EndProject
Project("{FAE04EC0-301F-11D3-BF4B-00C04F79EFBC}") = "FRFramework", "FRFramework\FRFramework.csproj", "{2E89722B-CF3C-411D-82B9-2830328CFE59}"
EndProject
Project("{FAE04EC0-301F-11D3-BF4B-00C04F79EFBC}") = "FRContainer", "DataModel\FRContainer\FRContainer.csproj", "{ECC0A4EE-1B85-46C3-9E4E-39C3973EFF42}"
EndProject
Project("{FAE04EC0-301F-11D3-BF4B-00C04F79EFBC}") = "FRFrameworkModel", "DataModel\FRFrameworkModel\FRFrameworkModel.csproj", "{4BE51D13-C496-4DC8-BAFB-059443FD3B7B}"
EndProject
Project("{FAE04EC0-301F-11D3-BF4B-00C04F79EFBC}") = "FRGraphic", "DataModel\FRGraphic\FRGraphic.csproj", "{9A178346-0FD2-4E6D-A42B-1A5682B0CEE4}"
EndProject
Project("{FAE04EC0-301F-11D3-BF4B-00C04F79EFBC}") = "FRMath", "DataModel\FRMath\FRMath.csproj", "{AD26A147-6064-409F-868F-C011EB1A90E6}"
EndProject
Project("{FAE04EC0-301F-11D3-BF4B-00C04F79EFBC}") = "FRText", "DataModel\FRText\FRText.csproj", "{19374DEF-07DA-49CC-B9A4-2D68C762339A}"
EndProject
Project("{FAE04EC0-301F-11D3-BF4B-00C04F79EFBC}") = "FRPaint", "FRPaint\FRPaint.csproj", "{24514B3B-F636-42C0-BC0A-3D9CC8794609}"
EndProject
Project("{FAE04EC0-301F-11D3-BF4B-00C04F79EFBC}") = "FROpenGL", "Graphic\FROpenGL\FROpenGL.csproj", "{8603F8CE-4677-446B-9AA4-AC2925C8B43B}"
EndProject
Global
	GlobalSection(SolutionConfigurationPlatforms) = preSolution
		Debug|Any CPU = Debug|Any CPU
		Debug|Mixed Platforms = Debug|Mixed Platforms
		Debug|Win32 = Debug|Win32
		Release|Any CPU = Release|Any CPU
		Release|Mixed Platforms = Release|Mixed Platforms
		Release|Win32 = Release|Win32
	EndGlobalSection
	GlobalSection(ProjectConfigurationPlatforms) = postSolution
		{DDA767E7-BEB7-4CB8-92CB-164AA90F8646}.Debug|Any CPU.ActiveCfg = Debug|Any CPU
		{DDA767E7-BEB7-4CB8-92CB-164AA90F8646}.Debug|Any CPU.Build.0 = Debug|Any CPU
		{DDA767E7-BEB7-4CB8-92CB-164AA90F8646}.Debug|Mixed Platforms.ActiveCfg = Debug|Any CPU
		{DDA767E7-BEB7-4CB8-92CB-164AA90F8646}.Debug|Mixed Platforms.Build.0 = Debug|Any CPU
		{DDA767E7-BEB7-4CB8-92CB-164AA90F8646}.Debug|Win32.ActiveCfg = Debug|x86
		{DDA767E7-BEB7-4CB8-92CB-164AA90F8646}.Debug|Win32.Build.0 = Debug|x86
		{DDA767E7-BEB7-4CB8-92CB-164AA90F8646}.Release|Any CPU.ActiveCfg = Release|Any CPU
		{DDA767E7-BEB7-4CB8-92CB-164AA90F8646}.Release|Any CPU.Build.0 = Release|Any CPU
		{DDA767E7-BEB7-4CB8-92CB-164AA90F8646}.Release|Mixed Platforms.ActiveCfg = Release|Any CPU
		{DDA767E7-BEB7-4CB8-92CB-164AA90F8646}.Release|Mixed Platforms.Build.0 = Release|Any CPU
		{DDA767E7-BEB7-4CB8-92CB-164AA90F8646}.Release|Win32.ActiveCfg = Release|Any CPU
		{2E89722B-CF3C-411D-82B9-2830328CFE59}.Debug|Any CPU.ActiveCfg = Debug|Any CPU
		{2E89722B-CF3C-411D-82B9-2830328CFE59}.Debug|Any CPU.Build.0 = Debug|Any CPU
		{2E89722B-CF3C-411D-82B9-2830328CFE59}.Debug|Mixed Platforms.ActiveCfg = Debug|Any CPU
		{2E89722B-CF3C-411D-82B9-2830328CFE59}.Debug|Mixed Platforms.Build.0 = Debug|Any CPU
		{2E89722B-CF3C-411D-82B9-2830328CFE59}.Debug|Win32.ActiveCfg = Debug|x86
		{2E89722B-CF3C-411D-82B9-2830328CFE59}.Debug|Win32.Build.0 = Debug|x86
		{2E89722B-CF3C-411D-82B9-2830328CFE59}.Release|Any CPU.ActiveCfg = Release|Any CPU
		{2E89722B-CF3C-411D-82B9-2830328CFE59}.Release|Any CPU.Build.0 = Release|Any CPU
		{2E89722B-CF3C-411D-82B9-2830328CFE59}.Release|Mixed Platforms.ActiveCfg = Release|Any CPU
		{2E89722B-CF3C-411D-82B9-2830328CFE59}.Release|Mixed Platforms.Build.0 = Release|Any CPU
		{2E89722B-CF3C-411D-82B9-2830328CFE59}.Release|Win32.ActiveCfg = Release|Any CPU
		{ECC0A4EE-1B85-46C3-9E4E-39C3973EFF42}.Debug|Any CPU.ActiveCfg = Debug|Any CPU
		{ECC0A4EE-1B85-46C3-9E4E-39C3973EFF42}.Debug|Any CPU.Build.0 = Debug|Any CPU
		{ECC0A4EE-1B85-46C3-9E4E-39C3973EFF42}.Debug|Mixed Platforms.ActiveCfg = Debug|Any CPU
		{ECC0A4EE-1B85-46C3-9E4E-39C3973EFF42}.Debug|Mixed Platforms.Build.0 = Debug|Any CPU
		{ECC0A4EE-1B85-46C3-9E4E-39C3973EFF42}.Debug|Win32.ActiveCfg = Debug|x86
		{ECC0A4EE-1B85-46C3-9E4E-39C3973EFF42}.Debug|Win32.Build.0 = Debug|x86
		{ECC0A4EE-1B85-46C3-9E4E-39C3973EFF42}.Release|Any CPU.ActiveCfg = Release|Any CPU
		{ECC0A4EE-1B85-46C3-9E4E-39C3973EFF42}.Release|Any CPU.Build.0 = Release|Any CPU
		{ECC0A4EE-1B85-46C3-9E4E-39C3973EFF42}.Release|Mixed Platforms.ActiveCfg = Release|Any CPU
		{ECC0A4EE-1B85-46C3-9E4E-39C3973EFF42}.Release|Mixed Platforms.Build.0 = Release|Any CPU
		{ECC0A4EE-1B85-46C3-9E4E-39C3973EFF42}.Release|Win32.ActiveCfg = Release|Any CPU
		{4BE51D13-C496-4DC8-BAFB-059443FD3B7B}.Debug|Any CPU.ActiveCfg = Debug|Any CPU
		{4BE51D13-C496-4DC8-BAFB-059443FD3B7B}.Debug|Any CPU.Build.0 = Debug|Any CPU
		{4BE51D13-C496-4DC8-BAFB-059443FD3B7B}.Debug|Mixed Platforms.ActiveCfg = Debug|Any CPU
		{4BE51D13-C496-4DC8-BAFB-059443FD3B7B}.Debug|Mixed Platforms.Build.0 = Debug|Any CPU
		{4BE51D13-C496-4DC8-BAFB-059443FD3B7B}.Debug|Win32.ActiveCfg = Debug|x86
		{4BE51D13-C496-4DC8-BAFB-059443FD3B7B}.Debug|Win32.Build.0 = Debug|x86
		{4BE51D13-C496-4DC8-BAFB-059443FD3B7B}.Release|Any CPU.ActiveCfg = Release|Any CPU
		{4BE51D13-C496-4DC8-BAFB-059443FD3B7B}.Release|Any CPU.Build.0 = Release|Any CPU
		{4BE51D13-C496-4DC8-BAFB-059443FD3B7B}.Release|Mixed Platforms.ActiveCfg = Release|Any CPU
		{4BE51D13-C496-4DC8-BAFB-059443FD3B7B}.Release|Mixed Platforms.Build.0 = Release|Any CPU
		{4BE51D13-C496-4DC8-BAFB-059443FD3B7B}.Release|Win32.ActiveCfg = Release|Any CPU
		{9A178346-0FD2-4E6D-A42B-1A5682B0CEE4}.Debug|Any CPU.ActiveCfg = Debug|Any CPU
		{9A178346-0FD2-4E6D-A42B-1A5682B0CEE4}.Debug|Any CPU.Build.0 = Debug|Any CPU
		{9A178346-0FD2-4E6D-A42B-1A5682B0CEE4}.Debug|Mixed Platforms.ActiveCfg = Debug|Any CPU
		{9A178346-0FD2-4E6D-A42B-1A5682B0CEE4}.Debug|Mixed Platforms.Build.0 = Debug|Any CPU
		{9A178346-0FD2-4E6D-A42B-1A5682B0CEE4}.Debug|Win32.ActiveCfg = Debug|x86
		{9A178346-0FD2-4E6D-A42B-1A5682B0CEE4}.Debug|Win32.Build.0 = Debug|x86
		{9A178346-0FD2-4E6D-A42B-1A5682B0CEE4}.Release|Any CPU.ActiveCfg = Release|Any CPU
		{9A178346-0FD2-4E6D-A42B-1A5682B0CEE4}.Release|Any CPU.Build.0 = Release|Any CPU
		{9A178346-0FD2-4E6D-A42B-1A5682B0CEE4}.Release|Mixed Platforms.ActiveCfg = Release|Any CPU
		{9A178346-0FD2-4E6D-A42B-1A5682B0CEE4}.Release|Mixed Platforms.Build.0 = Release|Any CPU
		{9A178346-0FD2-4E6D-A42B-1A5682B0CEE4}.Release|Win32.ActiveCfg = Release|Any CPU
		{AD26A147-6064-409F-868F-C011EB1A90E6}.Debug|Any CPU.ActiveCfg = Debug|Any CPU
		{AD26A147-6064-409F-868F-C011EB1A90E6}.Debug|Any CPU.Build.0 = Debug|Any CPU
		{AD26A147-6064-409F-868F-C011EB1A90E6}.Debug|Mixed Platforms.ActiveCfg = Debug|Any CPU
		{AD26A147-6064-409F-868F-C011EB1A90E6}.Debug|Mixed Platforms.Build.0 = Debug|Any CPU
		{AD26A147-6064-409F-868F-C011EB1A90E6}.Debug|Win32.ActiveCfg = Debug|x86
		{AD26A147-6064-409F-868F-C011EB1A90E6}.Debug|Win32.Build.0 = Debug|x86
		{AD26A147-6064-409F-868F-C011EB1A90E6}.Release|Any CPU.ActiveCfg = Release|Any CPU
		{AD26A147-6064-409F-868F-C011EB1A90E6}.Release|Any CPU.Build.0 = Release|Any CPU
		{AD26A147-6064-409F-868F-C011EB1A90E6}.Release|Mixed Platforms.ActiveCfg = Release|Any CPU
		{AD26A147-6064-409F-868F-C011EB1A90E6}.Release|Mixed Platforms.Build.0 = Release|Any CPU
		{AD26A147-6064-409F-868F-C011EB1A90E6}.Release|Win32.ActiveCfg = Release|Any CPU
		{19374DEF-07DA-49CC-B9A4-2D68C762339A}.Debug|Any CPU.ActiveCfg = Debug|Any CPU
		{19374DEF-07DA-49CC-B9A4-2D68C762339A}.Debug|Any CPU.Build.0 = Debug|Any CPU
		{19374DEF-07DA-49CC-B9A4-2D68C762339A}.Debug|Mixed Platforms.ActiveCfg = Debug|Any CPU
		{19374DEF-07DA-49CC-B9A4-2D68C762339A}.Debug|Mixed Platforms.Build.0 = Debug|Any CPU
		{19374DEF-07DA-49CC-B9A4-2D68C762339A}.Debug|Win32.ActiveCfg = Debug|x86
		{19374DEF-07DA-49CC-B9A4-2D68C762339A}.Debug|Win32.Build.0 = Debug|x86
		{19374DEF-07DA-49CC-B9A4-2D68C762339A}.Release|Any CPU.ActiveCfg = Release|Any CPU
		{19374DEF-07DA-49CC-B9A4-2D68C762339A}.Release|Any CPU.Build.0 = Release|Any CPU
		{19374DEF-07DA-49CC-B9A4-2D68C762339A}.Release|Mixed Platforms.ActiveCfg = Release|Any CPU
		{19374DEF-07DA-49CC-B9A4-2D68C762339A}.Release|Mixed Platforms.Build.0 = Release|Any CPU
		{19374DEF-07DA-49CC-B9A4-2D68C762339A}.Release|Win32.ActiveCfg = Release|Any CPU
		{24514B3B-F636-42C0-BC0A-3D9CC8794609}.Debug|Any CPU.ActiveCfg = Debug|Any CPU
		{24514B3B-F636-42C0-BC0A-3D9CC8794609}.Debug|Any CPU.Build.0 = Debug|Any CPU
		{24514B3B-F636-42C0-BC0A-3D9CC8794609}.Debug|Mixed Platforms.ActiveCfg = Debug|Any CPU
		{24514B3B-F636-42C0-BC0A-3D9CC8794609}.Debug|Mixed Platforms.Build.0 = Debug|Any CPU
		{24514B3B-F636-42C0-BC0A-3D9CC8794609}.Debug|Win32.ActiveCfg = Debug|x86
		{24514B3B-F636-42C0-BC0A-3D9CC8794609}.Debug|Win32.Build.0 = Debug|x86
		{24514B3B-F636-42C0-BC0A-3D9CC8794609}.Release|Any CPU.ActiveCfg = Release|Any CPU
		{24514B3B-F636-42C0-BC0A-3D9CC8794609}.Release|Any CPU.Build.0 = Release|Any CPU
		{24514B3B-F636-42C0-BC0A-3D9CC8794609}.Release|Mixed Platforms.ActiveCfg = Release|Any CPU
		{24514B3B-F636-42C0-BC0A-3D9CC8794609}.Release|Mixed Platforms.Build.0 = Release|Any CPU
		{24514B3B-F636-42C0-BC0A-3D9CC8794609}.Release|Win32.ActiveCfg = Release|Any CPU
		{8603F8CE-4677-446B-9AA4-AC2925C8B43B}.Debug|Any CPU.ActiveCfg = Debug|Any CPU
		{8603F8CE-4677-446B-9AA4-AC2925C8B43B}.Debug|Any CPU.Build.0 = Debug|Any CPU
		{8603F8CE-4677-446B-9AA4-AC2925C8B43B}.Debug|Mixed Platforms.ActiveCfg = Debug|Any CPU
		{8603F8CE-4677-446B-9AA4-AC2925C8B43B}.Debug|Mixed Platforms.Build.0 = Debug|Any CPU
		{8603F8CE-4677-446B-9AA4-AC2925C8B43B}.Debug|Win32.ActiveCfg = Debug|x86
		{8603F8CE-4677-446B-9AA4-AC2925C8B43B}.Debug|Win32.Build.0 = Debug|x86
		{8603F8CE-4677-446B-9AA4-AC2925C8B43B}.Release|Any CPU.ActiveCfg = Release|Any CPU
		{8603F8CE-4677-446B-9AA4-AC2925C8B43B}.Release|Any CPU.Build.0 = Release|Any CPU
		{8603F8CE-4677-446B-9AA4-AC2925C8B43B}.Release|Mixed Platforms.ActiveCfg = Release|Any CPU
		{8603F8CE-4677-446B-9AA4-AC2925C8B43B}.Release|Mixed Platforms.Build.0 = Release|Any CPU
		{8603F8CE-4677-446B-9AA4-AC2925C8B43B}.Release|Win32.ActiveCfg = Release|Any CPU
	EndGlobalSection
	GlobalSection(SolutionProperties) = preSolution
		HideSolutionNode = FALSE
	EndGlobalSection
EndGlobal
